
Microsoft Visual Studio Solution File, Format Version 12.00
# Visual Studio Version 16
VisualStudioVersion = 16.0.32106.194
MinimumVisualStudioVersion = 10.0.40219.1
Project("{9A19103F-16F7-4668-BE54-9A1E7A4F7556}") = "ClockAndBranches", "ClockAndBranches\ClockAndBranches.csproj", "{88AC7AE3-3434-49FA-94C3-78F1317982C0}"
EndProject
Project("{2150E333-8FDC-42A3-9474-1A3956D46DE8}") = "Tests", "Tests", "{756B8D9A-BAC5-4440-A0EC-D4A46436D701}"
EndProject
Project("{FAE04EC0-301F-11D3-BF4B-00C04F79EFBC}") = "ClockAndBranchesUnitTests", "Tests\ClockAndBranchesUnitTests\ClockAndBranchesUnitTests.csproj", "{DD36588C-5973-4869-B72C-D4E51C6530B4}"
EndProject
Global
	GlobalSection(SolutionConfigurationPlatforms) = preSolution
		Debug|Any CPU = Debug|Any CPU
		Release|Any CPU = Release|Any CPU
	EndGlobalSection
	GlobalSection(ProjectConfigurationPlatforms) = postSolution
		{88AC7AE3-3434-49FA-94C3-78F1317982C0}.Debug|Any CPU.ActiveCfg = Debug|Any CPU
		{88AC7AE3-3434-49FA-94C3-78F1317982C0}.Debug|Any CPU.Build.0 = Debug|Any CPU
		{88AC7AE3-3434-49FA-94C3-78F1317982C0}.Release|Any CPU.ActiveCfg = Release|Any CPU
		{88AC7AE3-3434-49FA-94C3-78F1317982C0}.Release|Any CPU.Build.0 = Release|Any CPU
		{DD36588C-5973-4869-B72C-D4E51C6530B4}.Debug|Any CPU.ActiveCfg = Debug|Any CPU
		{DD36588C-5973-4869-B72C-D4E51C6530B4}.Debug|Any CPU.Build.0 = Debug|Any CPU
		{DD36588C-5973-4869-B72C-D4E51C6530B4}.Release|Any CPU.ActiveCfg = Release|Any CPU
		{DD36588C-5973-4869-B72C-D4E51C6530B4}.Release|Any CPU.Build.0 = Release|Any CPU
	EndGlobalSection
	GlobalSection(SolutionProperties) = preSolution
		HideSolutionNode = FALSE
	EndGlobalSection
	GlobalSection(NestedProjects) = preSolution
		{DD36588C-5973-4869-B72C-D4E51C6530B4} = {756B8D9A-BAC5-4440-A0EC-D4A46436D701}
	EndGlobalSection
	GlobalSection(ExtensibilityGlobals) = postSolution
		SolutionGuid = {2F72BB11-B815-4442-9361-12765DCFC293}
	EndGlobalSection
EndGlobal
