
Microsoft Visual Studio Solution File, Format Version 12.00
# Visual Studio Version 16
VisualStudioVersion = 16.0.32106.194
MinimumVisualStudioVersion = 10.0.40219.1
Project("{FAE04EC0-301F-11D3-BF4B-00C04F79EFBC}") = "ClockAndBranches", "ClockAndBranches\ClockAndBranches.csproj", "{88AC7AE3-3434-49FA-94C3-78F1317982C0}"
EndProject
Project("{2150E333-8FDC-42A3-9474-1A3956D46DE8}") = "ConsoleApp", "ConsoleApp", "{3C2D0267-B464-4132-97DC-94FDAB185C84}"
	ProjectSection(SolutionItems) = preProject
		App\MainMenuForm.cs = App\MainMenuForm.cs
	EndProjectSection
EndProject
Project("{2150E333-8FDC-42A3-9474-1A3956D46DE8}") = "MainMenu", "MainMenu", "{97BD45BC-BB5B-4726-B0DB-026BAD8D581A}"
	ProjectSection(SolutionItems) = preProject
		ClockApp.cs = ClockApp.cs
	EndProjectSection
EndProject
Global
	GlobalSection(SolutionConfigurationPlatforms) = preSolution
		Debug|Any CPU = Debug|Any CPU
		Release|Any CPU = Release|Any CPU
	EndGlobalSection
	GlobalSection(ProjectConfigurationPlatforms) = postSolution
		{88AC7AE3-3434-49FA-94C3-78F1317982C0}.Debug|Any CPU.ActiveCfg = Debug|Any CPU
		{88AC7AE3-3434-49FA-94C3-78F1317982C0}.Debug|Any CPU.Build.0 = Debug|Any CPU
		{88AC7AE3-3434-49FA-94C3-78F1317982C0}.Release|Any CPU.ActiveCfg = Release|Any CPU
		{88AC7AE3-3434-49FA-94C3-78F1317982C0}.Release|Any CPU.Build.0 = Release|Any CPU
	EndGlobalSection
	GlobalSection(SolutionProperties) = preSolution
		HideSolutionNode = FALSE
	EndGlobalSection
	GlobalSection(NestedProjects) = preSolution
		{97BD45BC-BB5B-4726-B0DB-026BAD8D581A} = {3C2D0267-B464-4132-97DC-94FDAB185C84}
	EndGlobalSection
	GlobalSection(ExtensibilityGlobals) = postSolution
		SolutionGuid = {2F72BB11-B815-4442-9361-12765DCFC293}
	EndGlobalSection
EndGlobal
